
Microsoft Visual Studio Solution File, Format Version 12.00
# Visual Studio 15
VisualStudioVersion = 15.0.27428.2002
MinimumVisualStudioVersion = 10.0.40219.1
Project("{FAE04EC0-301F-11D3-BF4B-00C04F79EFBC}") = "BirdClass", "BirdClass\BirdClass.csproj", "{F2569F9F-43F7-4215-A8BE-FBAC3C678782}"
EndProject
Global
	GlobalSection(SolutionConfigurationPlatforms) = preSolution
		Debug|Any CPU = Debug|Any CPU
		Release|Any CPU = Release|Any CPU
	EndGlobalSection
	GlobalSection(ProjectConfigurationPlatforms) = postSolution
		{F2569F9F-43F7-4215-A8BE-FBAC3C678782}.Debug|Any CPU.ActiveCfg = Debug|Any CPU
		{F2569F9F-43F7-4215-A8BE-FBAC3C678782}.Debug|Any CPU.Build.0 = Debug|Any CPU
		{F2569F9F-43F7-4215-A8BE-FBAC3C678782}.Release|Any CPU.ActiveCfg = Release|Any CPU
		{F2569F9F-43F7-4215-A8BE-FBAC3C678782}.Release|Any CPU.Build.0 = Release|Any CPU
	EndGlobalSection
	GlobalSection(SolutionProperties) = preSolution
		HideSolutionNode = FALSE
	EndGlobalSection
	GlobalSection(ExtensibilityGlobals) = postSolution
		SolutionGuid = {AD5747B0-DE46-4388-A4AA-9D76ED36EEAA}
	EndGlobalSection
EndGlobal
